lockfileVersion: '9.0'

settings:
  autoInstallPeers: true
  excludeLinksFromLockfile: false

importers:

  .:
    dependencies:
      '@actions/core':
        specifier: ^1.10.1
        version: 1.10.1
      '@actions/glob':
        specifier: ^0.4.0
        version: 0.4.0
    devDependencies:
      '@types/standard-error':
        specifier: ^1.1.2
        version: 1.1.2
      typescript:
        specifier: ^5.5.2
        version: 5.5.2

packages:

  '@actions/core@1.10.1':
    resolution: {integrity: sha512-3lBR9EDAY+iYIpTnTIXmWcNbX3T2kCkAEQGIQx4NVQ0575nk2k3GRZDTPQG+vVtS2izSLmINlxXf0uLtnrTP+g==}

  '@actions/glob@0.4.0':
    resolution: {integrity: sha512-+eKIGFhsFa4EBwaf/GMyzCdWrXWymGXfFmZU3FHQvYS8mPcHtTtZONbkcqqUMzw9mJ/pImEBFET1JNifhqGsAQ==}

  '@actions/http-client@2.2.1':
    resolution: {integrity: sha512-KhC/cZsq7f8I4LfZSJKgCvEwfkE8o1538VoBeoGzokVLLnbFDEAdFD3UhoMklxo2un9NJVBdANOresx7vTHlHw==}

  '@fastify/busboy@2.1.1':
    resolution: {integrity: sha512-vBZP4NlzfOlerQTnba4aqZoMhE/a9HY7HRqoOPaETQcSQuWEIyZMHGfVu6w9wGtGK5fED5qRs2DteVCjOH60sA==}
    engines: {node: '>=14'}

  '@types/standard-error@1.1.2':
    resolution: {integrity: sha512-0luTElsHTI4Xia4tiqT9UseHRXb+cdQCwcjF4sQhrB4Bqx13JFbJ4FeH9sLdVSK5py2NGka92eiKTF9/11zbbQ==}

  balanced-match@1.0.2:
    resolution: {integrity: sha512-3oSeUO0TMV67hN1AmbXsK4yaqU7tjiHlbxRDZOpH0KW9+CeX4bRAaX0Anxt0tx2MrpRpWwQaPwIlISEJhYU5Pw==}

  brace-expansion@1.1.11:
    resolution: {integrity: sha512-iCuPHDFgrHX7H2vEI/5xpz07zSHB00TpugqhmYtVmMO6518mCuRMoOYFldEBl0g187ufozdaHgWKcYFb61qGiA==}

  concat-map@0.0.1:
    resolution: {integrity: sha512-/Srv4dswyQNBfohGpz9o6Yb3Gz3SrUDqBH5rTuhGR7ahtlbYKnVxw2bCFMRljaA7EXHaXZ8wsHdodFvbkhKmqg==}

  minimatch@3.1.2:
    resolution: {integrity: sha512-J7p63hRiAjw1NDEww1W7i37+ByIrOWO5XQQAzZ3VOcL0PNybwpfmV/N05zFAzwQ9USyEcX6t3UO+K5aqBQOIHw==}

  tunnel@0.0.6:
    resolution: {integrity: sha512-1h/Lnq9yajKY2PEbBadPXj3VxsDDu844OnaAo52UVmIzIvwwtBPIuNvkjuzBlTWpfJyUbG3ez0KSBibQkj4ojg==}
    engines: {node: '>=0.6.11 <=0.7.0 || >=0.7.3'}

  typescript@5.5.2:
    resolution: {integrity: sha512-NcRtPEOsPFFWjobJEtfihkLCZCXZt/os3zf8nTxjVH3RvTSxjrCamJpbExGvYOF+tFHc3pA65qpdwPbzjohhew==}
    engines: {node: '>=14.17'}
    hasBin: true

  undici@5.28.4:
    resolution: {integrity: sha512-72RFADWFqKmUb2hmmvNODKL3p9hcB6Gt2DOQMis1SEBaV6a4MH8soBvzg+95CYhCKPFedut2JY9bMfrDl9D23g==}
    engines: {node: '>=14.0'}

  uuid@8.3.2:
    resolution: {integrity: sha512-+NYs2QeMWy+GWFOEm9xnn6HCDp0l7QBD7ml8zLUmJ+93Q5NF0NocErnwkTkXVFNiX3/fpC6afS8Dhb/gz7R7eg==}
    hasBin: true

snapshots:

  '@actions/core@1.10.1':
    dependencies:
      '@actions/http-client': 2.2.1
      uuid: 8.3.2

  '@actions/glob@0.4.0':
    dependencies:
      '@actions/core': 1.10.1
      minimatch: 3.1.2

  '@actions/http-client@2.2.1':
    dependencies:
      tunnel: 0.0.6
      undici: 5.28.4

  '@fastify/busboy@2.1.1': {}

  '@types/standard-error@1.1.2': {}

  balanced-match@1.0.2: {}

  brace-expansion@1.1.11:
    dependencies:
      balanced-match: 1.0.2
      concat-map: 0.0.1

  concat-map@0.0.1: {}

  minimatch@3.1.2:
    dependencies:
      brace-expansion: 1.1.11

  tunnel@0.0.6: {}

  typescript@5.5.2: {}

  undici@5.28.4:
    dependencies:
      '@fastify/busboy': 2.1.1

  uuid@8.3.2: {}
